# This file is automatically @generated by Cargo.
# It is not intended for manual editing.
version = 3

[[package]]
name = "anylist"
version = "0.2.3"
source = "registry+https://github.com/rust-lang/crates.io-index"
checksum = "502afe334cb0fb9d5dc9ba634f412d744e054dd35c558754aa3321f71dc6df62"

[[package]]
name = "retaker"
version = "0.1.2"
dependencies = [
 "anylist",
]
